
Microsoft Visual Studio Solution File, Format Version 12.00
# Visual Studio Version 16
VisualStudioVersion = 16.0.30320.27
MinimumVisualStudioVersion = 10.0.40219.1
Project("{FAE04EC0-301F-11D3-BF4B-00C04F79EFBC}") = "LearnAuth.Basics", "LearnAuth\LearnAuth.Basics.csproj", "{3DEDCDD9-86B6-4208-B6E3-110B62C7E587}"
EndProject
Project("{FAE04EC0-301F-11D3-BF4B-00C04F79EFBC}") = "LearnAuth.Identity", "LearnAuth.Identity\LearnAuth.Identity.csproj", "{01647F74-D773-45BD-B935-AB25F6A09779}"
EndProject
Global
	GlobalSection(SolutionConfigurationPlatforms) = preSolution
		Debug|Any CPU = Debug|Any CPU
		Release|Any CPU = Release|Any CPU
	EndGlobalSection
	GlobalSection(ProjectConfigurationPlatforms) = postSolution
		{3DEDCDD9-86B6-4208-B6E3-110B62C7E587}.Debug|Any CPU.ActiveCfg = Debug|Any CPU
		{3DEDCDD9-86B6-4208-B6E3-110B62C7E587}.Debug|Any CPU.Build.0 = Debug|Any CPU
		{3DEDCDD9-86B6-4208-B6E3-110B62C7E587}.Release|Any CPU.ActiveCfg = Release|Any CPU
		{3DEDCDD9-86B6-4208-B6E3-110B62C7E587}.Release|Any CPU.Build.0 = Release|Any CPU
		{01647F74-D773-45BD-B935-AB25F6A09779}.Debug|Any CPU.ActiveCfg = Debug|Any CPU
		{01647F74-D773-45BD-B935-AB25F6A09779}.Debug|Any CPU.Build.0 = Debug|Any CPU
		{01647F74-D773-45BD-B935-AB25F6A09779}.Release|Any CPU.ActiveCfg = Release|Any CPU
		{01647F74-D773-45BD-B935-AB25F6A09779}.Release|Any CPU.Build.0 = Release|Any CPU
	EndGlobalSection
	GlobalSection(SolutionProperties) = preSolution
		HideSolutionNode = FALSE
	EndGlobalSection
	GlobalSection(ExtensibilityGlobals) = postSolution
		SolutionGuid = {E1340202-2B7A-46C9-99D3-01F07EE77BF1}
	EndGlobalSection
EndGlobal
